version = 1
requires-python = ">=3.12.0, <3.13"

[[package]]
name = "aiohappyeyeballs"
version = "2.6.1"
source = { registry = "https://pypi.org/simple" }
sdist = { url = "https://files.pythonhosted.org/packages/26/30/f84a107a9c4331c14b2b586036f40965c128aa4fee4dda5d3d51cb14ad54/aiohappyeyeballs-2.6.1.tar.gz", hash = "sha256:c3f9d0113123803ccadfdf3f0faa505bc78e6a72d1cc4806cbd719826e943558", size = 22760 }
wheels = [
    { url = "https://files.pythonhosted.org/packages/0f/15/5bf3b99495fb160b63f95972b81750f18f7f4e02ad051373b669d17d44f2/aiohappyeyeballs-2.6.1-py3-none-any.whl", hash = "sha256:f349ba8f4b75cb25c99c5c2d84e997e485204d2902a9597802b0371f09331fb8", size = 15265 },
]

[[package]]
name = "aiohttp"
version = "3.13.2"
source = { registry = "https://pypi.org/simple" }
dependencies = [
    { name = "aiohappyeyeballs" },
    { name = "aiosignal" },
    { name = "attrs" },
    { name = "frozenlist" },
    { name = "multidict" },
    { name = "propcache" },
    { name = "yarl" },
]
sdist = { url = "https://files.pythonhosted.org/packages/1c/ce/3b83ebba6b3207a7135e5fcaba49706f8a4b6008153b4e30540c982fae26/aiohttp-3.13.2.tar.gz", hash = "sha256:40176a52c186aefef6eb3cad2cdd30cd06e3afbe88fe8ab2af9c0b90f228daca", size = 7837994 }
wheels = [
    { url = "https://files.pythonhosted.org/packages/29/9b/01f00e9856d0a73260e86dd8ed0c2234a466c5c1712ce1c281548df39777/aiohttp-3.13.2-cp312-cp312-macosx_10_13_universal2.whl", hash = "sha256:b1e56bab2e12b2b9ed300218c351ee2a3d8c8fdab5b1ec6193e11a817767e47b", size = 737623 },
    { url = "https://files.pythonhosted.org/packages/5a/1b/4be39c445e2b2bd0aab4ba736deb649fabf14f6757f405f0c9685019b9e9/aiohttp-3.13.2-cp312-cp312-macosx_10_13_x86_64.whl", hash = "sha256:364e25edaabd3d37b1db1f0cbcee8c73c9a3727bfa262b83e5e4cf3489a2a9dc", size = 492664 },
    { url = "https://files.pythonhosted.org/packages/28/66/d35dcfea8050e131cdd731dff36434390479b4045a8d0b9d7111b0a968f1/aiohttp-3.13.2-cp312-cp312-macosx_11_0_arm64.whl", hash = "sha256:c5c94825f744694c4b8db20b71dba9a257cd2ba8e010a803042123f3a25d50d7", size = 491808 },
    { url = "https://files.pythonhosted.org/packages/00/29/8e4609b93e10a853b65f8291e64985de66d4f5848c5637cddc70e98f01f8/aiohttp-3.13.2-cp312-cp312-manylinux2014_aarch64.manylinux_2_17_aarch64.manylinux_2_28_aarch64.whl", hash = "sha256:ba2715d842ffa787be87cbfce150d5e88c87a98e0b62e0f5aa489169a393dbbb", size = 1738863 },
    { url = "https://files.pythonhosted.org/packages/9d/fa/4ebdf4adcc0def75ced1a0d2d227577cd7b1b85beb7edad85fcc87693c75/aiohttp-3.13.2-cp312-cp312-manylinux2014_armv7l.manylinux_2_17_armv7l.manylinux_2_31_armv7l.whl", hash = "sha256:585542825c4bc662221fb257889e011a5aa00f1ae4d75d1d246a5225289183e3", size = 1700586 },
    { url = "https://files.pythonhosted.org/packages/da/04/73f5f02ff348a3558763ff6abe99c223381b0bace05cd4530a0258e52597/aiohttp-3.13.2-cp312-cp312-manylinux2014_ppc64le.manylinux_2_17_ppc64le.manylinux_2_28_ppc64le.whl", hash = "sha256:39d02cb6025fe1aabca329c5632f48c9532a3dabccd859e7e2f110668972331f", size = 1768625 },
    { url = "https://files.pythonhosted.org/packages/f8/49/a825b79ffec124317265ca7d2344a86bcffeb960743487cb11988ffb3494/aiohttp-3.13.2-cp312-cp312-manylinux2014_s390x.manylinux_2_17_s390x.manylinux_2_28_s390x.whl", hash = "sha256:e67446b19e014d37342f7195f592a2a948141d15a312fe0e700c2fd2f03124f6", size = 1867281 },
    { url = "https://files.pythonhosted.org/packages/b9/48/adf56e05f81eac31edcfae45c90928f4ad50ef2e3ea72cb8376162a368f8/aiohttp-3.13.2-cp312-cp312-manylinux2014_x86_64.manylinux_2_17_x86_64.manylinux_2_28_x86_64.whl", hash = "sha256:4356474ad6333e41ccefd39eae869ba15a6c5299c9c01dfdcfdd5c107be4363e", size = 1752431 },
    { url = "https://files.pythonhosted.org/packages/30/ab/593855356eead019a74e862f21523db09c27f12fd24af72dbc3555b9bfd9/aiohttp-3.13.2-cp312-cp312-manylinux_2_31_riscv64.manylinux_2_39_riscv64.whl", hash = "sha256:eeacf451c99b4525f700f078becff32c32ec327b10dcf31306a8a52d78166de7", size = 1562846 },
    { url = "https://files.pythonhosted.org/packages/39/0f/9f3d32271aa8dc35036e9668e31870a9d3b9542dd6b3e2c8a30931cb27ae/aiohttp-3.13.2-cp312-cp312-musllinux_1_2_aarch64.whl", hash = "sha256:d8a9b889aeabd7a4e9af0b7f4ab5ad94d42e7ff679aaec6d0db21e3b639ad58d", size = 1699606 },
    { url = "https://files.pythonhosted.org/packages/2c/3c/52d2658c5699b6ef7692a3f7128b2d2d4d9775f2a68093f74bca06cf01e1/aiohttp-3.13.2-cp312-cp312-musllinux_1_2_armv7l.whl", hash = "sha256:fa89cb11bc71a63b69568d5b8a25c3ca25b6d54c15f907ca1c130d72f320b76b", size = 1720663 },
    { url = "https://files.pythonhosted.org/packages/9b/d4/8f8f3ff1fb7fb9e3f04fcad4e89d8a1cd8fc7d05de67e3de5b15b33008ff/aiohttp-3.13.2-cp312-cp312-musllinux_1_2_ppc64le.whl", hash = "sha256:8aa7c807df234f693fed0ecd507192fc97692e61fee5702cdc11155d2e5cadc8", size = 1737939 },
    { url = "https://files.pythonhosted.org/packages/03/d3/ddd348f8a27a634daae39a1b8e291ff19c77867af438af844bf8b7e3231b/aiohttp-3.13.2-cp312-cp312-musllinux_1_2_riscv64.whl", hash = "sha256:9eb3e33fdbe43f88c3c75fa608c25e7c47bbd80f48d012763cb67c47f39a7e16", size = 1555132 },
    { url = "https://files.pythonhosted.org/packages/39/b8/46790692dc46218406f94374903ba47552f2f9f90dad554eed61bfb7b64c/aiohttp-3.13.2-cp312-cp312-musllinux_1_2_s390x.whl", hash = "sha256:9434bc0d80076138ea986833156c5a48c9c7a8abb0c96039ddbb4afc93184169", size = 1764802 },
    { url = "https://files.pythonhosted.org/packages/ba/e4/19ce547b58ab2a385e5f0b8aa3db38674785085abcf79b6e0edd1632b12f/aiohttp-3.13.2-cp312-cp312-musllinux_1_2_x86_64.whl", hash = "sha256:ff15c147b2ad66da1f2cbb0622313f2242d8e6e8f9b79b5206c84523a4473248", size = 1719512 },
    { url = "https://files.pythonhosted.org/packages/70/30/6355a737fed29dcb6dfdd48682d5790cb5eab050f7b4e01f49b121d3acad/aiohttp-3.13.2-cp312-cp312-win32.whl", hash = "sha256:27e569eb9d9e95dbd55c0fc3ec3a9335defbf1d8bc1d20171a49f3c4c607b93e", size = 426690 },
    { url = "https://files.pythonhosted.org/packages/0a/0d/b10ac09069973d112de6ef980c1f6bb31cb7dcd0bc363acbdad58f927873/aiohttp-3.13.2-cp312-cp312-win_amd64.whl", hash = "sha256:8709a0f05d59a71f33fd05c17fc11fcb8c30140506e13c2f5e8ee1b8964e1b45", size = 453465 },
]

[[package]]
name = "aiohttp-jinja2"
version = "1.6"
source = { registry = "https://pypi.org/simple" }
dependencies = [
    { name = "aiohttp" },
    { name = "jinja2" },
]
sdist = { url = "https://files.pythonhosted.org/packages/e6/39/da5a94dd89b1af7241fb7fc99ae4e73505b5f898b540b6aba6dc7afe600e/aiohttp-jinja2-1.6.tar.gz", hash = "sha256:a3a7ff5264e5bca52e8ae547bbfd0761b72495230d438d05b6c0915be619b0e2", size = 53057 }
wheels = [
    { url = "https://files.pythonhosted.org/packages/eb/90/65238d4246307195411b87a07d03539049819b022c01bcc773826f600138/aiohttp_jinja2-1.6-py3-none-any.whl", hash = "sha256:0df405ee6ad1b58e5a068a105407dc7dcc1704544c559f1938babde954f945c7", size = 11736 },
]

[[package]]
name = "aiosignal"
version = "1.4.0"
source = { registry = "https://pypi.org/simple" }
dependencies = [
    { name = "frozenlist" },
    { name = "typing-extensions" },
]
sdist = { url = "https://files.pythonhosted.org/packages/61/62/06741b579156360248d1ec624842ad0edf697050bbaf7c3e46394e106ad1/aiosignal-1.4.0.tar.gz", hash = "sha256:f47eecd9468083c2029cc99945502cb7708b082c232f9aca65da147157b251c7", size = 25007 }
wheels = [
    { url = "https://files.pythonhosted.org/packages/fb/76/641ae371508676492379f16e2fa48f4e2c11741bd63c48be4b12a6b09cba/aiosignal-1.4.0-py3-none-any.whl", hash = "sha256:053243f8b92b990551949e63930a839ff0cf0b0ebbe0597b0f3fb19e1a0fe82e", size = 7490 },
]

[[package]]
name = "attrs"
version = "25.4.0"
source = { registry = "https://pypi.org/simple" }
sdist = { url = "https://files.pythonhosted.org/packages/6b/5c/685e6633917e101e5dcb62b9dd76946cbb57c26e133bae9e0cd36033c0a9/attrs-25.4.0.tar.gz", hash = "sha256:16d5969b87f0859ef33a48b35d55ac1be6e42ae49d5e853b597db70c35c57e11", size = 934251 }
wheels = [
    { url = "https://files.pythonhosted.org/packages/3a/2a/7cc015f5b9f5db42b7d48157e23356022889fc354a2813c15934b7cb5c0e/attrs-25.4.0-py3-none-any.whl", hash = "sha256:adcf7e2a1fb3b36ac48d97835bb6d8ade15b8dcce26aba8bf1d14847b57a3373", size = 67615 },
]

[[package]]
name = "click"
version = "8.1.6"
source = { registry = "https://pypi.org/simple" }
dependencies = [
    { name = "colorama", marker = "platform_system == 'Windows'" },
]
sdist = { url = "https://files.pythonhosted.org/packages/72/bd/fedc277e7351917b6c4e0ac751853a97af261278a4c7808babafa8ef2120/click-8.1.6.tar.gz", hash = "sha256:48ee849951919527a045bfe3bf7baa8a959c423134e1a5b98c05c20ba75a1cbd", size = 336051 }
wheels = [
    { url = "https://files.pythonhosted.org/packages/1a/70/e63223f8116931d365993d4a6b7ef653a4d920b41d03de7c59499962821f/click-8.1.6-py3-none-any.whl", hash = "sha256:fa244bb30b3b5ee2cae3da8f55c9e5e0c0e86093306301fb418eb9dc40fbded5", size = 97909 },
]

[[package]]
name = "colorama"
version = "0.4.6"
source = { registry = "https://pypi.org/simple" }
sdist = { url = "https://files.pythonhosted.org/packages/d8/53/6f443c9a4a8358a93a6792e2acffb9d9d5cb0a5cfd8802644b7b1c9a02e4/colorama-0.4.6.tar.gz", hash = "sha256:08695f5cb7ed6e0531a20572697297273c47b8cae5a63ffc6d6ed5c201be6e44", size = 27697 }
wheels = [
    { url = "https://files.pythonhosted.org/packages/d1/d6/3965ed04c63042e047cb6a3e6ed1a63a35087b6a609aa3a15ed8ac56c221/colorama-0.4.6-py2.py3-none-any.whl", hash = "sha256:4f1d9991f5acc0ca119f9d443620b77f9d6b33703e51011c16baf57afb285fc6", size = 25335 },
]

[[package]]
name = "frozenlist"
version = "1.8.0"
source = { registry = "https://pypi.org/simple" }
sdist = { url = "https://files.pythonhosted.org/packages/2d/f5/c831fac6cc817d26fd54c7eaccd04ef7e0288806943f7cc5bbf69f3ac1f0/frozenlist-1.8.0.tar.gz", hash = "sha256:3ede829ed8d842f6cd48fc7081d7a41001a56f1f38603f9d49bf3020d59a31ad", size = 45875 }
wheels = [
    { url = "https://files.pythonhosted.org/packages/69/29/948b9aa87e75820a38650af445d2ef2b6b8a6fab1a23b6bb9e4ef0be2d59/frozenlist-1.8.0-cp312-cp312-macosx_10_13_universal2.whl", hash = "sha256:78f7b9e5d6f2fdb88cdde9440dc147259b62b9d3b019924def9f6478be254ac1", size = 87782 },
    { url = "https://files.pythonhosted.org/packages/64/80/4f6e318ee2a7c0750ed724fa33a4bdf1eacdc5a39a7a24e818a773cd91af/frozenlist-1.8.0-cp312-cp312-macosx_10_13_x86_64.whl", hash = "sha256:229bf37d2e4acdaf808fd3f06e854a4a7a3661e871b10dc1f8f1896a3b05f18b", size = 50594 },
    { url = "https://files.pythonhosted.org/packages/2b/94/5c8a2b50a496b11dd519f4a24cb5496cf125681dd99e94c604ccdea9419a/frozenlist-1.8.0-cp312-cp312-macosx_11_0_arm64.whl", hash = "sha256:f833670942247a14eafbb675458b4e61c82e002a148f49e68257b79296e865c4", size = 50448 },
    { url = "https://files.pythonhosted.org/packages/6a/bd/d91c5e39f490a49df14320f4e8c80161cfcce09f1e2cde1edd16a551abb3/frozenlist-1.8.0-cp312-cp312-manylinux1_x86_64.manylinux_2_28_x86_64.manylinux_2_5_x86_64.whl", hash = "sha256:494a5952b1c597ba44e0e78113a7266e656b9794eec897b19ead706bd7074383", size = 242411 },
    { url = "https://files.pythonhosted.org/packages/8f/83/f61505a05109ef3293dfb1ff594d13d64a2324ac3482be2cedc2be818256/frozenlist-1.8.0-cp312-cp312-manylinux2014_aarch64.manylinux_2_17_aarch64.manylinux_2_28_aarch64.whl", hash = "sha256:96f423a119f4777a4a056b66ce11527366a8bb92f54e541ade21f2374433f6d4", size = 243014 },
    { url = "https://files.pythonhosted.org/packages/d8/cb/cb6c7b0f7d4023ddda30cf56b8b17494eb3a79e3fda666bf735f63118b35/frozenlist-1.8.0-cp312-cp312-manylinux2014_armv7l.manylinux_2_17_armv7l.manylinux_2_31_armv7l.whl", hash = "sha256:3462dd9475af2025c31cc61be6652dfa25cbfb56cbbf52f4ccfe029f38decaf8", size = 234909 },
    { url = "https://files.pythonhosted.org/packages/31/c5/cd7a1f3b8b34af009fb17d4123c5a778b44ae2804e3ad6b86204255f9ec5/frozenlist-1.8.0-cp312-cp312-manylinux2014_ppc64le.manylinux_2_17_ppc64le.manylinux_2_28_ppc64le.whl", hash = "sha256:c4c800524c9cd9bac5166cd6f55285957fcfc907db323e193f2afcd4d9abd69b", size = 250049 },
    { url = "https://files.pythonhosted.org/packages/c0/01/2f95d3b416c584a1e7f0e1d6d31998c4a795f7544069ee2e0962a4b60740/frozenlist-1.8.0-cp312-cp312-manylinux2014_s390x.manylinux_2_17_s390x.manylinux_2_28_s390x.whl", hash = "sha256:d6a5df73acd3399d893dafc71663ad22534b5aa4f94e8a2fabfe856c3c1b6a52", size = 256485 },
    { url = "https://files.pythonhosted.org/packages/ce/03/024bf7720b3abaebcff6d0793d73c154237b85bdf67b7ed55e5e9596dc9a/frozenlist-1.8.0-cp312-cp312-musllinux_1_2_aarch64.whl", hash = "sha256:405e8fe955c2280ce66428b3ca55e12b3c4e9c336fb2103a4937e891c69a4a29", size = 237619 },
    { url = "https://files.pythonhosted.org/packages/69/fa/f8abdfe7d76b731f5d8bd217827cf6764d4f1d9763407e42717b4bed50a0/frozenlist-1.8.0-cp312-cp312-musllinux_1_2_armv7l.whl", hash = "sha256:908bd3f6439f2fef9e85031b59fd4f1297af54415fb60e4254a95f75b3cab3f3", size = 250320 },
    { url = "https://files.pythonhosted.org/packages/f5/3c/b051329f718b463b22613e269ad72138cc256c540f78a6de89452803a47d/frozenlist-1.8.0-cp312-cp312-musllinux_1_2_ppc64le.whl", hash = "sha256:294e487f9ec720bd8ffcebc99d575f7eff3568a08a253d1ee1a0378754b74143", size = 246820 },
    { url = "https://files.pythonhosted.org/packages/0f/ae/58282e8f98e444b3f4dd42448ff36fa38bef29e40d40f330b22e7108f565/frozenlist-1.8.0-cp312-cp312-musllinux_1_2_s390x.whl", hash = "sha256:74c51543498289c0c43656701be6b077f4b265868fa7f8a8859c197006efb608", size = 250518 },
    { url = "https://files.pythonhosted.org/packages/8f/96/007e5944694d66123183845a106547a15944fbbb7154788cbf7272789536/frozenlist-1.8.0-cp312-cp312-musllinux_1_2_x86_64.whl", hash = "sha256:776f352e8329135506a1d6bf16ac3f87bc25b28e765949282dcc627af36123aa", size = 239096 },
    { url = "https://files.pythonhosted.org/packages/66/bb/852b9d6db2fa40be96f29c0d1205c306288f0684df8fd26ca1951d461a56/frozenlist-1.8.0-cp312-cp312-win32.whl", hash = "sha256:433403ae80709741ce34038da08511d4a77062aa924baf411ef73d1146e74faf", size = 39985 },
    { url = "https://files.pythonhosted.org/packages/b8/af/38e51a553dd66eb064cdf193841f16f077585d4d28394c2fa6235cb41765/frozenlist-1.8.0-cp312-cp312-win_amd64.whl", hash = "sha256:34187385b08f866104f0c0617404c8eb08165ab1272e884abc89c112e9c00746", size = 44591 },
    { url = "https://files.pythonhosted.org/packages/a7/06/1dc65480ab147339fecc70797e9c2f69d9cea9cf38934ce08df070fdb9cb/frozenlist-1.8.0-cp312-cp312-win_arm64.whl", hash = "sha256:fe3c58d2f5db5fbd18c2987cba06d51b0529f52bc3a6cdc33d3f4eab725104bd", size = 40102 },
    { url = "https://files.pythonhosted.org/packages/9a/9a/e35b4a917281c0b8419d4207f4334c8e8c5dbf4f3f5f9ada73958d937dcc/frozenlist-1.8.0-py3-none-any.whl", hash = "sha256:0c18a16eab41e82c295618a77502e17b195883241c563b00f0aa5106fc4eaa0d", size = 13409 },
]

[[package]]
name = "idna"
version = "3.11"
source = { registry = "https://pypi.org/simple" }
sdist = { url = "https://files.pythonhosted.org/packages/6f/6d/0703ccc57f3a7233505399edb88de3cbd678da106337b9fcde432b65ed60/idna-3.11.tar.gz", hash = "sha256:795dafcc9c04ed0c1fb032c2aa73654d8e8c5023a7df64a53f39190ada629902", size = 194582 }
wheels = [
    { url = "https://files.pythonhosted.org/packages/0e/61/66938bbb5fc52dbdf84594873d5b51fb1f7c7794e9c0f5bd885f30bc507b/idna-3.11-py3-none-any.whl", hash = "sha256:771a87f49d9defaf64091e6e6fe9c18d4833f140bd19464795bc32d966ca37ea", size = 71008 },
]

[[package]]
name = "jinja2"
version = "3.1.6"
source = { registry = "https://pypi.org/simple" }
dependencies = [
    { name = "markupsafe" },
]
sdist = { url = "https://files.pythonhosted.org/packages/df/bf/f7da0350254c0ed7c72f3e33cef02e048281fec7ecec5f032d4aac52226b/jinja2-3.1.6.tar.gz", hash = "sha256:0137fb05990d35f1275a587e9aee6d56da821fc83491a0fb838183be43f66d6d", size = 245115 }
wheels = [
    { url = "https://files.pythonhosted.org/packages/62/a1/3d680cbfd5f4b8f15abc1d571870c5fc3e594bb582bc3b64ea099db13e56/jinja2-3.1.6-py3-none-any.whl", hash = "sha256:85ece4451f492d0c13c5dd7c13a64681a86afae63a5f347908daf103ce6d2f67", size = 134899 },
]

[[package]]
name = "linkify-it-py"
version = "2.0.3"
source = { registry = "https://pypi.org/simple" }
dependencies = [
    { name = "uc-micro-py" },
]
sdist = { url = "https://files.pythonhosted.org/packages/2a/ae/bb56c6828e4797ba5a4821eec7c43b8bf40f69cda4d4f5f8c8a2810ec96a/linkify-it-py-2.0.3.tar.gz", hash = "sha256:68cda27e162e9215c17d786649d1da0021a451bdc436ef9e0fa0ba5234b9b048", size = 27946 }
wheels = [
    { url = "https://files.pythonhosted.org/packages/04/1e/b832de447dee8b582cac175871d2f6c3d5077cc56d5575cadba1fd1cccfa/linkify_it_py-2.0.3-py3-none-any.whl", hash = "sha256:6bcbc417b0ac14323382aef5c5192c0075bf8a9d6b41820a2b66371eac6b6d79", size = 19820 },
]

[[package]]
name = "markdown-it-py"
version = "4.0.0"
source = { registry = "https://pypi.org/simple" }
dependencies = [
    { name = "mdurl" },
]
sdist = { url = "https://files.pythonhosted.org/packages/5b/f5/4ec618ed16cc4f8fb3b701563655a69816155e79e24a17b651541804721d/markdown_it_py-4.0.0.tar.gz", hash = "sha256:cb0a2b4aa34f932c007117b194e945bd74e0ec24133ceb5bac59009cda1cb9f3", size = 73070 }
wheels = [
    { url = "https://files.pythonhosted.org/packages/94/54/e7d793b573f298e1c9013b8c4dade17d481164aa517d1d7148619c2cedbf/markdown_it_py-4.0.0-py3-none-any.whl", hash = "sha256:87327c59b172c5011896038353a81343b6754500a08cd7a4973bb48c6d578147", size = 87321 },
]

[package.optional-dependencies]
linkify = [
    { name = "linkify-it-py" },
]

[[package]]
name = "markupsafe"
version = "3.0.3"
source = { registry = "https://pypi.org/simple" }
sdist = { url = "https://files.pythonhosted.org/packages/7e/99/7690b6d4034fffd95959cbe0c02de8deb3098cc577c67bb6a24fe5d7caa7/markupsafe-3.0.3.tar.gz", hash = "sha256:722695808f4b6457b320fdc131280796bdceb04ab50fe1795cd540799ebe1698", size = 80313 }
wheels = [
    { url = "https://files.pythonhosted.org/packages/5a/72/147da192e38635ada20e0a2e1a51cf8823d2119ce8883f7053879c2199b5/markupsafe-3.0.3-cp312-cp312-macosx_10_13_x86_64.whl", hash = "sha256:d53197da72cc091b024dd97249dfc7794d6a56530370992a5e1a08983ad9230e", size = 11615 },
    { url = "https://files.pythonhosted.org/packages/9a/81/7e4e08678a1f98521201c3079f77db69fb552acd56067661f8c2f534a718/markupsafe-3.0.3-cp312-cp312-macosx_11_0_arm64.whl", hash = "sha256:1872df69a4de6aead3491198eaf13810b565bdbeec3ae2dc8780f14458ec73ce", size = 12020 },
    { url = "https://files.pythonhosted.org/packages/1e/2c/799f4742efc39633a1b54a92eec4082e4f815314869865d876824c257c1e/markupsafe-3.0.3-cp312-cp312-manylinux2014_aarch64.manylinux_2_17_aarch64.manylinux_2_28_aarch64.whl", hash = "sha256:3a7e8ae81ae39e62a41ec302f972ba6ae23a5c5396c8e60113e9066ef893da0d", size = 24332 },
    { url = "https://files.pythonhosted.org/packages/3c/2e/8d0c2ab90a8c1d9a24f0399058ab8519a3279d1bd4289511d74e909f060e/markupsafe-3.0.3-cp312-cp312-manylinux2014_x86_64.manylinux_2_17_x86_64.manylinux_2_28_x86_64.whl", hash = "sha256:d6dd0be5b5b189d31db7cda48b91d7e0a9795f31430b7f271219ab30f1d3ac9d", size = 22947 },
    { url = "https://files.pythonhosted.org/packages/2c/54/887f3092a85238093a0b2154bd629c89444f395618842e8b0c41783898ea/markupsafe-3.0.3-cp312-cp312-manylinux_2_31_riscv64.manylinux_2_39_riscv64.whl", hash = "sha256:94c6f0bb423f739146aec64595853541634bde58b2135f27f61c1ffd1cd4d16a", size = 21962 },
    { url = "https://files.pythonhosted.org/packages/c9/2f/336b8c7b6f4a4d95e91119dc8521402461b74a485558d8f238a68312f11c/markupsafe-3.0.3-cp312-cp312-musllinux_1_2_aarch64.whl", hash = "sha256:be8813b57049a7dc738189df53d69395eba14fb99345e0a5994914a3864c8a4b", size = 23760 },
    { url = "https://files.pythonhosted.org/packages/32/43/67935f2b7e4982ffb50a4d169b724d74b62a3964bc1a9a527f5ac4f1ee2b/markupsafe-3.0.3-cp312-cp312-musllinux_1_2_riscv64.whl", hash = "sha256:83891d0e9fb81a825d9a6d61e3f07550ca70a076484292a70fde82c4b807286f", size = 21529 },
    { url = "https://files.pythonhosted.org/packages/89/e0/4486f11e51bbba8b0c041098859e869e304d1c261e59244baa3d295d47b7/markupsafe-3.0.3-cp312-cp312-musllinux_1_2_x86_64.whl", hash = "sha256:77f0643abe7495da77fb436f50f8dab76dbc6e5fd25d39589a0f1fe6548bfa2b", size = 23015 },
    { url = "https://files.pythonhosted.org/packages/2f/e1/78ee7a023dac597a5825441ebd17170785a9dab23de95d2c7508ade94e0e/markupsafe-3.0.3-cp312-cp312-win32.whl", hash = "sha256:d88b440e37a16e651bda4c7c2b930eb586fd15ca7406cb39e211fcff3bf3017d", size = 14540 },
    { url = "https://files.pythonhosted.org/packages/aa/5b/bec5aa9bbbb2c946ca2733ef9c4ca91c91b6a24580193e891b5f7dbe8e1e/markupsafe-3.0.3-cp312-cp312-win_amd64.whl", hash = "sha256:26a5784ded40c9e318cfc2bdb30fe164bdb8665ded9cd64d500a34fb42067b1c", size = 15105 },
    { url = "https://files.pythonhosted.org/packages/e5/f1/216fc1bbfd74011693a4fd837e7026152e89c4bcf3e77b6692fba9923123/markupsafe-3.0.3-cp312-cp312-win_arm64.whl", hash = "sha256:35add3b638a5d900e807944a078b51922212fb3dedb01633a8defc4b01a3c85f", size = 13906 },
]

[[package]]
name = "mdit-py-plugins"
version = "0.5.0"
source = { registry = "https://pypi.org/simple" }
dependencies = [
    { name = "markdown-it-py" },
]
sdist = { url = "https://files.pythonhosted.org/packages/b2/fd/a756d36c0bfba5f6e39a1cdbdbfdd448dc02692467d83816dff4592a1ebc/mdit_py_plugins-0.5.0.tar.gz", hash = "sha256:f4918cb50119f50446560513a8e311d574ff6aaed72606ddae6d35716fe809c6", size = 44655 }
wheels = [
    { url = "https://files.pythonhosted.org/packages/fb/86/dd6e5db36df29e76c7a7699123569a4a18c1623ce68d826ed96c62643cae/mdit_py_plugins-0.5.0-py3-none-any.whl", hash = "sha256:07a08422fc1936a5d26d146759e9155ea466e842f5ab2f7d2266dd084c8dab1f", size = 57205 },
]

[[package]]
name = "mdurl"
version = "0.1.2"
source = { registry = "https://pypi.org/simple" }
sdist = { url = "https://files.pythonhosted.org/packages/d6/54/cfe61301667036ec958cb99bd3efefba235e65cdeb9c84d24a8293ba1d90/mdurl-0.1.2.tar.gz", hash = "sha256:bb413d29f5eea38f31dd4754dd7377d4465116fb207585f97bf925588687c1ba", size = 8729 }
wheels = [
    { url = "https://files.pythonhosted.org/packages/b3/38/89ba8ad64ae25be8de66a6d463314cf1eb366222074cfda9ee839c56a4b4/mdurl-0.1.2-py3-none-any.whl", hash = "sha256:84008a41e51615a49fc9966191ff91509e3c40b939176e643fd50a5c2196b8f8", size = 9979 },
]

[[package]]
name = "msgpack"
version = "1.1.2"
source = { registry = "https://pypi.org/simple" }
sdist = { url = "https://files.pythonhosted.org/packages/4d/f2/bfb55a6236ed8725a96b0aa3acbd0ec17588e6a2c3b62a93eb513ed8783f/msgpack-1.1.2.tar.gz", hash = "sha256:3b60763c1373dd60f398488069bcdc703cd08a711477b5d480eecc9f9626f47e", size = 173581 }
wheels = [
    { url = "https://files.pythonhosted.org/packages/ad/bd/8b0d01c756203fbab65d265859749860682ccd2a59594609aeec3a144efa/msgpack-1.1.2-cp312-cp312-macosx_10_13_x86_64.whl", hash = "sha256:70a0dff9d1f8da25179ffcf880e10cf1aad55fdb63cd59c9a49a1b82290062aa", size = 81939 },
    { url = "https://files.pythonhosted.org/packages/34/68/ba4f155f793a74c1483d4bdef136e1023f7bcba557f0db4ef3db3c665cf1/msgpack-1.1.2-cp312-cp312-macosx_11_0_arm64.whl", hash = "sha256:446abdd8b94b55c800ac34b102dffd2f6aa0ce643c55dfc017ad89347db3dbdb", size = 85064 },
    { url = "https://files.pythonhosted.org/packages/f2/60/a064b0345fc36c4c3d2c743c82d9100c40388d77f0b48b2f04d6041dbec1/msgpack-1.1.2-cp312-cp312-manylinux2014_aarch64.manylinux_2_17_aarch64.manylinux_2_28_aarch64.whl", hash = "sha256:c63eea553c69ab05b6747901b97d620bb2a690633c77f23feb0c6a947a8a7b8f", size = 417131 },
    { url = "https://files.pythonhosted.org/packages/65/92/a5100f7185a800a5d29f8d14041f61475b9de465ffcc0f3b9fba606e4505/msgpack-1.1.2-cp312-cp312-manylinux2014_x86_64.manylinux_2_17_x86_64.manylinux_2_28_x86_64.whl", hash = "sha256:372839311ccf6bdaf39b00b61288e0557916c3729529b301c52c2d88842add42", size = 427556 },
    { url = "https://files.pythonhosted.org/packages/f5/87/ffe21d1bf7d9991354ad93949286f643b2bb6ddbeab66373922b44c3b8cc/msgpack-1.1.2-cp312-cp312-musllinux_1_2_aarch64.whl", hash = "sha256:2929af52106ca73fcb28576218476ffbb531a036c2adbcf54a3664de124303e9", size = 404920 },
    { url = "https://files.pythonhosted.org/packages/ff/41/8543ed2b8604f7c0d89ce066f42007faac1eaa7d79a81555f206a5cdb889/msgpack-1.1.2-cp312-cp312-musllinux_1_2_x86_64.whl", hash = "sha256:be52a8fc79e45b0364210eef5234a7cf8d330836d0a64dfbb878efa903d84620", size = 415013 },
    { url = "https://files.pythonhosted.org/packages/41/0d/2ddfaa8b7e1cee6c490d46cb0a39742b19e2481600a7a0e96537e9c22f43/msgpack-1.1.2-cp312-cp312-win32.whl", hash = "sha256:1fff3d825d7859ac888b0fbda39a42d59193543920eda9d9bea44d958a878029", size = 65096 },
    { url = "https://files.pythonhosted.org/packages/8c/ec/d431eb7941fb55a31dd6ca3404d41fbb52d99172df2e7707754488390910/msgpack-1.1.2-cp312-cp312-win_amd64.whl", hash = "sha256:1de460f0403172cff81169a30b9a92b260cb809c4cb7e2fc79ae8d0510c78b6b", size = 72708 },
    { url = "https://files.pythonhosted.org/packages/c5/31/5b1a1f70eb0e87d1678e9624908f86317787b536060641d6798e3cf70ace/msgpack-1.1.2-cp312-cp312-win_arm64.whl", hash = "sha256:be5980f3ee0e6bd44f3a9e9dea01054f175b50c3e6cdb692bc9424c0bbb8bf69", size = 64119 },
]

[[package]]
name = "multidict"
version = "6.7.0"
source = { registry = "https://pypi.org/simple" }
sdist = { url = "https://files.pythonhosted.org/packages/80/1e/5492c365f222f907de1039b91f922b93fa4f764c713ee858d235495d8f50/multidict-6.7.0.tar.gz", hash = "sha256:c6e99d9a65ca282e578dfea819cfa9c0a62b2499d8677392e09feaf305e9e6f5", size = 101834 }
wheels = [
    { url = "https://files.pythonhosted.org/packages/c2/9e/9f61ac18d9c8b475889f32ccfa91c9f59363480613fc807b6e3023d6f60b/multidict-6.7.0-cp312-cp312-macosx_10_13_universal2.whl", hash = "sha256:8a3862568a36d26e650a19bb5cbbba14b71789032aebc0423f8cc5f150730184", size = 76877 },
    { url = "https://files.pythonhosted.org/packages/38/6f/614f09a04e6184f8824268fce4bc925e9849edfa654ddd59f0b64508c595/multidict-6.7.0-cp312-cp312-macosx_10_13_x86_64.whl", hash = "sha256:960c60b5849b9b4f9dcc9bea6e3626143c252c74113df2c1540aebce70209b45", size = 45467 },
    { url = "https://files.pythonhosted.org/packages/b3/93/c4f67a436dd026f2e780c433277fff72be79152894d9fc36f44569cab1a6/multidict-6.7.0-cp312-cp312-macosx_11_0_arm64.whl", hash = "sha256:2049be98fb57a31b4ccf870bf377af2504d4ae35646a19037ec271e4c07998aa", size = 43834 },
    { url = "https://files.pythonhosted.org/packages/7f/f5/013798161ca665e4a422afbc5e2d9e4070142a9ff8905e482139cd09e4d0/multidict-6.7.0-cp312-cp312-manylinux1_i686.manylinux_2_28_i686.manylinux_2_5_i686.whl", hash = "sha256:0934f3843a1860dd465d38895c17fce1f1cb37295149ab05cd1b9a03afacb2a7", size = 250545 },
    { url = "https://files.pythonhosted.org/packages/71/2f/91dbac13e0ba94669ea5119ba267c9a832f0cb65419aca75549fcf09a3dc/multidict-6.7.0-cp312-cp312-manylinux2014_aarch64.manylinux_2_17_aarch64.manylinux_2_28_aarch64.whl", hash = "sha256:b3e34f3a1b8131ba06f1a73adab24f30934d148afcd5f5de9a73565a4404384e", size = 258305 },
    { url = "https://files.pythonhosted.org/packages/ef/b0/754038b26f6e04488b48ac621f779c341338d78503fb45403755af2df477/multidict-6.7.0-cp312-cp312-manylinux2014_armv7l.manylinux_2_17_armv7l.manylinux_2_31_armv7l.whl", hash = "sha256:efbb54e98446892590dc2458c19c10344ee9a883a79b5cec4bc34d6656e8d546", size = 242363 },
    { url = "https://files.pythonhosted.org/packages/87/15/9da40b9336a7c9fa606c4cf2ed80a649dffeb42b905d4f63a1d7eb17d746/multidict-6.7.0-cp312-cp312-manylinux2014_ppc64le.manylinux_2_17_ppc64le.manylinux_2_28_ppc64le.whl", hash = "sha256:a35c5fc61d4f51eb045061e7967cfe3123d622cd500e8868e7c0c592a09fedc4", size = 268375 },
    { url = "https://files.pythonhosted.org/packages/82/72/c53fcade0cc94dfaad583105fd92b3a783af2091eddcb41a6d5a52474000/multidict-6.7.0-cp312-cp312-manylinux2014_s390x.manylinux_2_17_s390x.manylinux_2_28_s390x.whl", hash = "sha256:29fe6740ebccba4175af1b9b87bf553e9c15cd5868ee967e010efcf94e4fd0f1", size = 269346 },
    { url = "https://files.pythonhosted.org/packages/0d/e2/9baffdae21a76f77ef8447f1a05a96ec4bc0a24dae08767abc0a2fe680b8/multidict-6.7.0-cp312-cp312-manylinux2014_x86_64.manylinux_2_17_x86_64.manylinux_2_28_x86_64.whl", hash = "sha256:123e2a72e20537add2f33a79e605f6191fba2afda4cbb876e35c1a7074298a7d", size = 256107 },
    { url = "https://files.pythonhosted.org/packages/3c/06/3f06f611087dc60d65ef775f1fb5aca7c6d61c6db4990e7cda0cef9b1651/multidict-6.7.0-cp312-cp312-musllinux_1_2_aarch64.whl", hash = "sha256:b284e319754366c1aee2267a2036248b24eeb17ecd5dc16022095e747f2f4304", size = 253592 },
    { url = "https://files.pythonhosted.org/packages/20/24/54e804ec7945b6023b340c412ce9c3f81e91b3bf5fa5ce65558740141bee/multidict-6.7.0-cp312-cp312-musllinux_1_2_armv7l.whl", hash = "sha256:803d685de7be4303b5a657b76e2f6d1240e7e0a8aa2968ad5811fa2285553a12", size = 251024 },
    { url = "https://files.pythonhosted.org/packages/14/48/011cba467ea0b17ceb938315d219391d3e421dfd35928e5dbdc3f4ae76ef/multidict-6.7.0-cp312-cp312-musllinux_1_2_i686.whl", hash = "sha256:c04a328260dfd5db8c39538f999f02779012268f54614902d0afc775d44e0a62", size = 251484 },
    { url = "https://files.pythonhosted.org/packages/0d/2f/919258b43bb35b99fa127435cfb2d91798eb3a943396631ef43e3720dcf4/multidict-6.7.0-cp312-cp312-musllinux_1_2_ppc64le.whl", hash = "sha256:8a19cdb57cd3df4cd865849d93ee14920fb97224300c88501f16ecfa2604b4e0", size = 263579 },
    { url = "https://files.pythonhosted.org/packages/31/22/a0e884d86b5242b5a74cf08e876bdf299e413016b66e55511f7a804a366e/multidict-6.7.0-cp312-cp312-musllinux_1_2_s390x.whl", hash = "sha256:9b2fd74c52accced7e75de26023b7dccee62511a600e62311b918ec5c168fc2a", size = 259654 },
    { url = "https://files.pythonhosted.org/packages/b2/e5/17e10e1b5c5f5a40f2fcbb45953c9b215f8a4098003915e46a93f5fcaa8f/multidict-6.7.0-cp312-cp312-musllinux_1_2_x86_64.whl", hash = "sha256:3e8bfdd0e487acf992407a140d2589fe598238eaeffa3da8448d63a63cd363f8", size = 251511 },
    { url = "https://files.pythonhosted.org/packages/e3/9a/201bb1e17e7af53139597069c375e7b0dcbd47594604f65c2d5359508566/multidict-6.7.0-cp312-cp312-win32.whl", hash = "sha256:dd32a49400a2c3d52088e120ee00c1e3576cbff7e10b98467962c74fdb762ed4", size = 41895 },
    { url = "https://files.pythonhosted.org/packages/46/e2/348cd32faad84eaf1d20cce80e2bb0ef8d312c55bca1f7fa9865e7770aaf/multidict-6.7.0-cp312-cp312-win_amd64.whl", hash = "sha256:92abb658ef2d7ef22ac9f8bb88e8b6c3e571671534e029359b6d9e845923eb1b", size = 46073 },
    { url = "https://files.pythonhosted.org/packages/25/ec/aad2613c1910dce907480e0c3aa306905830f25df2e54ccc9dea450cb5aa/multidict-6.7.0-cp312-cp312-win_arm64.whl", hash = "sha256:490dab541a6a642ce1a9d61a4781656b346a55c13038f0b1244653828e3a83ec", size = 43226 },
    { url = "https://files.pythonhosted.org/packages/b7/da/7d22601b625e241d4f23ef1ebff8acfc60da633c9e7e7922e24d10f592b3/multidict-6.7.0-py3-none-any.whl", hash = "sha256:394fc5c42a333c9ffc3e421a4c85e08580d990e08b99f6bf35b4132114c5dcb3", size = 12317 },
]

[[package]]
name = "platformdirs"
version = "4.5.1"
source = { registry = "https://pypi.org/simple" }
sdist = { url = "https://files.pythonhosted.org/packages/cf/86/0248f086a84f01b37aaec0fa567b397df1a119f73c16f6c7a9aac73ea309/platformdirs-4.5.1.tar.gz", hash = "sha256:61d5cdcc6065745cdd94f0f878977f8de9437be93de97c1c12f853c9c0cdcbda", size = 21715 }
wheels = [
    { url = "https://files.pythonhosted.org/packages/cb/28/3bfe2fa5a7b9c46fe7e13c97bda14c895fb10fa2ebf1d0abb90e0cea7ee1/platformdirs-4.5.1-py3-none-any.whl", hash = "sha256:d03afa3963c806a9bed9d5125c8f4cb2fdaf74a55ab60e5d59b3fde758104d31", size = 18731 },
]

[[package]]
name = "propcache"
version = "0.4.1"
source = { registry = "https://pypi.org/simple" }
sdist = { url = "https://files.pythonhosted.org/packages/9e/da/e9fc233cf63743258bff22b3dfa7ea5baef7b5bc324af47a0ad89b8ffc6f/propcache-0.4.1.tar.gz", hash = "sha256:f48107a8c637e80362555f37ecf49abe20370e557cc4ab374f04ec4423c97c3d", size = 46442 }
wheels = [
    { url = "https://files.pythonhosted.org/packages/a2/0f/f17b1b2b221d5ca28b4b876e8bb046ac40466513960646bda8e1853cdfa2/propcache-0.4.1-cp312-cp312-macosx_10_13_universal2.whl", hash = "sha256:e153e9cd40cc8945138822807139367f256f89c6810c2634a4f6902b52d3b4e2", size = 80061 },
    { url = "https://files.pythonhosted.org/packages/76/47/8ccf75935f51448ba9a16a71b783eb7ef6b9ee60f5d14c7f8a8a79fbeed7/propcache-0.4.1-cp312-cp312-macosx_10_13_x86_64.whl", hash = "sha256:cd547953428f7abb73c5ad82cbb32109566204260d98e41e5dfdc682eb7f8403", size = 46037 },
    { url = "https://files.pythonhosted.org/packages/0a/b6/5c9a0e42df4d00bfb4a3cbbe5cf9f54260300c88a0e9af1f47ca5ce17ac0/propcache-0.4.1-cp312-cp312-macosx_11_0_arm64.whl", hash = "sha256:f048da1b4f243fc44f205dfd320933a951b8d89e0afd4c7cacc762a8b9165207", size = 47324 },
    { url = "https://files.pythonhosted.org/packages/9e/d3/6c7ee328b39a81ee877c962469f1e795f9db87f925251efeb0545e0020d0/propcache-0.4.1-cp312-cp312-manylinux2014_aarch64.manylinux_2_17_aarch64.manylinux_2_28_aarch64.whl", hash = "sha256:ec17c65562a827bba85e3872ead335f95405ea1674860d96483a02f5c698fa72", size = 225505 },
    { url = "https://files.pythonhosted.org/packages/01/5d/1c53f4563490b1d06a684742cc6076ef944bc6457df6051b7d1a877c057b/propcache-0.4.1-cp312-cp312-manylinux2014_ppc64le.manylinux_2_17_ppc64le.manylinux_2_28_ppc64le.whl", hash = "sha256:405aac25c6394ef275dee4c709be43745d36674b223ba4eb7144bf4d691b7367", size = 230242 },
    { url = "https://files.pythonhosted.org/packages/20/e1/ce4620633b0e2422207c3cb774a0ee61cac13abc6217763a7b9e2e3f4a12/propcache-0.4.1-cp312-cp312-manylinux2014_s390x.manylinux_2_17_s390x.manylinux_2_28_s390x.whl", hash = "sha256:0013cb6f8dde4b2a2f66903b8ba740bdfe378c943c4377a200551ceb27f379e4", size = 238474 },
    { url = "https://files.pythonhosted.org/packages/46/4b/3aae6835b8e5f44ea6a68348ad90f78134047b503765087be2f9912140ea/propcache-0.4.1-cp312-cp312-manylinux2014_x86_64.manylinux_2_17_x86_64.manylinux_2_28_x86_64.whl", hash = "sha256:15932ab57837c3368b024473a525e25d316d8353016e7cc0e5ba9eb343fbb1cf", size = 221575 },
    { url = "https://files.pythonhosted.org/packages/6e/a5/8a5e8678bcc9d3a1a15b9a29165640d64762d424a16af543f00629c87338/propcache-0.4.1-cp312-cp312-musllinux_1_2_aarch64.whl", hash = "sha256:031dce78b9dc099f4c29785d9cf5577a3faf9ebf74ecbd3c856a7b92768c3df3", size = 216736 },
    { url = "https://files.pythonhosted.org/packages/f1/63/b7b215eddeac83ca1c6b934f89d09a625aa9ee4ba158338854c87210cc36/propcache-0.4.1-cp312-cp312-musllinux_1_2_armv7l.whl", hash = "sha256:ab08df6c9a035bee56e31af99be621526bd237bea9f32def431c656b29e41778", size = 213019 },
    { url = "https://files.pythonhosted.org/packages/57/74/f580099a58c8af587cac7ba19ee7cb418506342fbbe2d4a4401661cca886/propcache-0.4.1-cp312-cp312-musllinux_1_2_ppc64le.whl", hash = "sha256:4d7af63f9f93fe593afbf104c21b3b15868efb2c21d07d8732c0c4287e66b6a6", size = 220376 },
    { url = "https://files.pythonhosted.org/packages/c4/ee/542f1313aff7eaf19c2bb758c5d0560d2683dac001a1c96d0774af799843/propcache-0.4.1-cp312-cp312-musllinux_1_2_s390x.whl", hash = "sha256:cfc27c945f422e8b5071b6e93169679e4eb5bf73bbcbf1ba3ae3a83d2f78ebd9", size = 226988 },
    { url = "https://files.pythonhosted.org/packages/8f/18/9c6b015dd9c6930f6ce2229e1f02fb35298b847f2087ea2b436a5bfa7287/propcache-0.4.1-cp312-cp312-musllinux_1_2_x86_64.whl", hash = "sha256:35c3277624a080cc6ec6f847cbbbb5b49affa3598c4535a0a4682a697aaa5c75", size = 215615 },
    { url = "https://files.pythonhosted.org/packages/80/9e/e7b85720b98c45a45e1fca6a177024934dc9bc5f4d5dd04207f216fc33ed/propcache-0.4.1-cp312-cp312-win32.whl", hash = "sha256:671538c2262dadb5ba6395e26c1731e1d52534bfe9ae56d0b5573ce539266aa8", size = 38066 },
    { url = "https://files.pythonhosted.org/packages/54/09/d19cff2a5aaac632ec8fc03737b223597b1e347416934c1b3a7df079784c/propcache-0.4.1-cp312-cp312-win_amd64.whl", hash = "sha256:cb2d222e72399fcf5890d1d5cc1060857b9b236adff2792ff48ca2dfd46c81db", size = 41655 },
    { url = "https://files.pythonhosted.org/packages/68/ab/6b5c191bb5de08036a8c697b265d4ca76148efb10fa162f14af14fb5f076/propcache-0.4.1-cp312-cp312-win_arm64.whl", hash = "sha256:204483131fb222bdaaeeea9f9e6c6ed0cac32731f75dfc1d4a567fc1926477c1", size = 37789 },
    { url = "https://files.pythonhosted.org/packages/5b/5a/bc7b4a4ef808fa59a816c17b20c4bef6884daebbdf627ff2a161da67da19/propcache-0.4.1-py3-none-any.whl", hash = "sha256:af2a6052aeb6cf17d3e46ee169099044fd8224cbaf75c76a2ef596e8163e2237", size = 13305 },
]

[[package]]
name = "pygments"
version = "2.19.2"
source = { registry = "https://pypi.org/simple" }
sdist = { url = "https://files.pythonhosted.org/packages/b0/77/a5b8c569bf593b0140bde72ea885a803b82086995367bf2037de0159d924/pygments-2.19.2.tar.gz", hash = "sha256:636cb2477cec7f8952536970bc533bc43743542f70392ae026374600add5b887", size = 4968631 }
wheels = [
    { url = "https://files.pythonhosted.org/packages/c7/21/705964c7812476f378728bdf590ca4b771ec72385c533964653c68e86bdc/pygments-2.19.2-py3-none-any.whl", hash = "sha256:86540386c03d588bb81d44bc3928634ff26449851e99741617ecb9037ee5ec0b", size = 1225217 },
]

[[package]]
name = "rich"
version = "14.2.0"
source = { registry = "https://pypi.org/simple" }
dependencies = [
    { name = "markdown-it-py" },
    { name = "pygments" },
]
sdist = { url = "https://files.pythonhosted.org/packages/fb/d2/8920e102050a0de7bfabeb4c4614a49248cf8d5d7a8d01885fbb24dc767a/rich-14.2.0.tar.gz", hash = "sha256:73ff50c7c0c1c77c8243079283f4edb376f0f6442433aecb8ce7e6d0b92d1fe4", size = 219990 }
wheels = [
    { url = "https://files.pythonhosted.org/packages/25/7a/b0178788f8dc6cafce37a212c99565fa1fe7872c70c6c9c1e1a372d9d88f/rich-14.2.0-py3-none-any.whl", hash = "sha256:76bc51fe2e57d2b1be1f96c524b890b816e334ab4c1e45888799bfaab0021edd", size = 243393 },
]

[[package]]
name = "systemd-mount-manager"
version = "0.1.0"
source = { virtual = "." }
dependencies = [
    { name = "click" },
    { name = "textual" },
]

[package.dev-dependencies]
dev = [
    { name = "textual-dev" },
]

[package.metadata]
requires-dist = [
    { name = "click", specifier = "==8.1.6" },
    { name = "textual", specifier = ">=6.11.0" },
]

[package.metadata.requires-dev]
dev = [{ name = "textual-dev", specifier = ">=1.8.0" }]

[[package]]
name = "textual"
version = "6.11.0"
source = { registry = "https://pypi.org/simple" }
dependencies = [
    { name = "markdown-it-py", extra = ["linkify"] },
    { name = "mdit-py-plugins" },
    { name = "platformdirs" },
    { name = "pygments" },
    { name = "rich" },
    { name = "typing-extensions" },
]
sdist = { url = "https://files.pythonhosted.org/packages/55/06/906f86bbc59ec7cd3fb424250e19ce670406d1f28e49e86c2221e9fd7ed2/textual-6.11.0.tar.gz", hash = "sha256:08237ebda0cfbbfd1a4e2fd3039882b35894a73994f6f0fcc12c5b0d78acf3cc", size = 1584292 }
wheels = [
    { url = "https://files.pythonhosted.org/packages/b5/fc/5e2988590ff2e0128eea6446806c904445a44e17256c67141573ea16b5a5/textual-6.11.0-py3-none-any.whl", hash = "sha256:9e663b73ed37123a9b13c16a0c85e09ef917a4cfded97814361ed5cccfa40f89", size = 714886 },
]

[[package]]
name = "textual-dev"
version = "1.8.0"
source = { registry = "https://pypi.org/simple" }
dependencies = [
    { name = "aiohttp" },
    { name = "click" },
    { name = "msgpack" },
    { name = "textual" },
    { name = "textual-serve" },
    { name = "typing-extensions" },
]
sdist = { url = "https://files.pythonhosted.org/packages/38/fd/fd5ad9527b536c306a5a860a33a45e13983a59804b48b91ea52b42ba030a/textual_dev-1.8.0.tar.gz", hash = "sha256:7e56867b0341405a95e938cac0647e6d2763d38d0df08710469ad6b6a8db76df", size = 25026 }
wheels = [
    { url = "https://files.pythonhosted.org/packages/45/c6/1dc08ceee6d0bdf219c500cb2fbd605b681b63507c4ff27a6477f12f8245/textual_dev-1.8.0-py3-none-any.whl", hash = "sha256:227b6d24a485fbbc77e302aa21f4fdf3083beb57eb45cd95bae082c81cbeddeb", size = 27541 },
]

[[package]]
name = "textual-serve"
version = "1.1.3"
source = { registry = "https://pypi.org/simple" }
dependencies = [
    { name = "aiohttp" },
    { name = "aiohttp-jinja2" },
    { name = "jinja2" },
    { name = "rich" },
    { name = "textual" },
]
sdist = { url = "https://files.pythonhosted.org/packages/c2/7e/62fecc552853ec6a178cb1faa2d6f73b34d5512924770e7b08b58ff14148/textual_serve-1.1.3.tar.gz", hash = "sha256:f8f636ae2f5fd651b79d965473c3e9383d3521cdf896f9bc289709185da3f683", size = 448340 }
wheels = [
    { url = "https://files.pythonhosted.org/packages/b5/fe/108e7773349d500cf363328c3d0b7123e03feda51e310a3a5b136ac8ca71/textual_serve-1.1.3-py3-none-any.whl", hash = "sha256:207a472bc6604e725b1adab4ab8bf12f4c4dc25b04eea31e4d04731d8bf30f18", size = 447339 },
]

[[package]]
name = "typing-extensions"
version = "4.15.0"
source = { registry = "https://pypi.org/simple" }
sdist = { url = "https://files.pythonhosted.org/packages/72/94/1a15dd82efb362ac84269196e94cf00f187f7ed21c242792a923cdb1c61f/typing_extensions-4.15.0.tar.gz", hash = "sha256:0cea48d173cc12fa28ecabc3b837ea3cf6f38c6d1136f85cbaaf598984861466", size = 109391 }
wheels = [
    { url = "https://files.pythonhosted.org/packages/18/67/36e9267722cc04a6b9f15c7f3441c2363321a3ea07da7ae0c0707beb2a9c/typing_extensions-4.15.0-py3-none-any.whl", hash = "sha256:f0fa19c6845758ab08074a0cfa8b7aecb71c999ca73d62883bc25cc018c4e548", size = 44614 },
]

[[package]]
name = "uc-micro-py"
version = "1.0.3"
source = { registry = "https://pypi.org/simple" }
sdist = { url = "https://files.pythonhosted.org/packages/91/7a/146a99696aee0609e3712f2b44c6274566bc368dfe8375191278045186b8/uc-micro-py-1.0.3.tar.gz", hash = "sha256:d321b92cff673ec58027c04015fcaa8bb1e005478643ff4a500882eaab88c48a", size = 6043 }
wheels = [
    { url = "https://files.pythonhosted.org/packages/37/87/1f677586e8ac487e29672e4b17455758fce261de06a0d086167bb760361a/uc_micro_py-1.0.3-py3-none-any.whl", hash = "sha256:db1dffff340817673d7b466ec86114a9dc0e9d4d9b5ba229d9d60e5c12600cd5", size = 6229 },
]

[[package]]
name = "yarl"
version = "1.22.0"
source = { registry = "https://pypi.org/simple" }
dependencies = [
    { name = "idna" },
    { name = "multidict" },
    { name = "propcache" },
]
sdist = { url = "https://files.pythonhosted.org/packages/57/63/0c6ebca57330cd313f6102b16dd57ffaf3ec4c83403dcb45dbd15c6f3ea1/yarl-1.22.0.tar.gz", hash = "sha256:bebf8557577d4401ba8bd9ff33906f1376c877aa78d1fe216ad01b4d6745af71", size = 187169 }
wheels = [
    { url = "https://files.pythonhosted.org/packages/75/ff/46736024fee3429b80a165a732e38e5d5a238721e634ab41b040d49f8738/yarl-1.22.0-cp312-cp312-macosx_10_13_universal2.whl", hash = "sha256:e340382d1afa5d32b892b3ff062436d592ec3d692aeea3bef3a5cfe11bbf8c6f", size = 142000 },
    { url = "https://files.pythonhosted.org/packages/5a/9a/b312ed670df903145598914770eb12de1bac44599549b3360acc96878df8/yarl-1.22.0-cp312-cp312-macosx_10_13_x86_64.whl", hash = "sha256:f1e09112a2c31ffe8d80be1b0988fa6a18c5d5cad92a9ffbb1c04c91bfe52ad2", size = 94338 },
    { url = "https://files.pythonhosted.org/packages/ba/f5/0601483296f09c3c65e303d60c070a5c19fcdbc72daa061e96170785bc7d/yarl-1.22.0-cp312-cp312-macosx_11_0_arm64.whl", hash = "sha256:939fe60db294c786f6b7c2d2e121576628468f65453d86b0fe36cb52f987bd74", size = 94909 },
    { url = "https://files.pythonhosted.org/packages/60/41/9a1fe0b73dbcefce72e46cf149b0e0a67612d60bfc90fb59c2b2efdfbd86/yarl-1.22.0-cp312-cp312-manylinux2014_aarch64.manylinux_2_17_aarch64.manylinux_2_28_aarch64.whl", hash = "sha256:e1651bf8e0398574646744c1885a41198eba53dc8a9312b954073f845c90a8df", size = 372940 },
    { url = "https://files.pythonhosted.org/packages/17/7a/795cb6dfee561961c30b800f0ed616b923a2ec6258b5def2a00bf8231334/yarl-1.22.0-cp312-cp312-manylinux2014_armv7l.manylinux_2_17_armv7l.manylinux_2_31_armv7l.whl", hash = "sha256:b8a0588521a26bf92a57a1705b77b8b59044cdceccac7151bd8d229e66b8dedb", size = 345825 },
    { url = "https://files.pythonhosted.org/packages/d7/93/a58f4d596d2be2ae7bab1a5846c4d270b894958845753b2c606d666744d3/yarl-1.22.0-cp312-cp312-manylinux2014_ppc64le.manylinux_2_17_ppc64le.manylinux_2_28_ppc64le.whl", hash = "sha256:42188e6a615c1a75bcaa6e150c3fe8f3e8680471a6b10150c5f7e83f47cc34d2", size = 386705 },
    { url = "https://files.pythonhosted.org/packages/61/92/682279d0e099d0e14d7fd2e176bd04f48de1484f56546a3e1313cd6c8e7c/yarl-1.22.0-cp312-cp312-manylinux2014_s390x.manylinux_2_17_s390x.manylinux_2_28_s390x.whl", hash = "sha256:f6d2cb59377d99718913ad9a151030d6f83ef420a2b8f521d94609ecc106ee82", size = 396518 },
    { url = "https://files.pythonhosted.org/packages/db/0f/0d52c98b8a885aeda831224b78f3be7ec2e1aa4a62091f9f9188c3c65b56/yarl-1.22.0-cp312-cp312-manylinux2014_x86_64.manylinux_2_17_x86_64.manylinux_2_28_x86_64.whl", hash = "sha256:50678a3b71c751d58d7908edc96d332af328839eea883bb554a43f539101277a", size = 377267 },
    { url = "https://files.pythonhosted.org/packages/22/42/d2685e35908cbeaa6532c1fc73e89e7f2efb5d8a7df3959ea8e37177c5a3/yarl-1.22.0-cp312-cp312-musllinux_1_2_aarch64.whl", hash = "sha256:1e8fbaa7cec507aa24ea27a01456e8dd4b6fab829059b69844bd348f2d467124", size = 365797 },
    { url = "https://files.pythonhosted.org/packages/a2/83/cf8c7bcc6355631762f7d8bdab920ad09b82efa6b722999dfb05afa6cfac/yarl-1.22.0-cp312-cp312-musllinux_1_2_armv7l.whl", hash = "sha256:433885ab5431bc3d3d4f2f9bd15bfa1614c522b0f1405d62c4f926ccd69d04fa", size = 365535 },
    { url = "https://files.pythonhosted.org/packages/25/e1/5302ff9b28f0c59cac913b91fe3f16c59a033887e57ce9ca5d41a3a94737/yarl-1.22.0-cp312-cp312-musllinux_1_2_ppc64le.whl", hash = "sha256:b790b39c7e9a4192dc2e201a282109ed2985a1ddbd5ac08dc56d0e121400a8f7", size = 382324 },
    { url = "https://files.pythonhosted.org/packages/bf/cd/4617eb60f032f19ae3a688dc990d8f0d89ee0ea378b61cac81ede3e52fae/yarl-1.22.0-cp312-cp312-musllinux_1_2_s390x.whl", hash = "sha256:31f0b53913220599446872d757257be5898019c85e7971599065bc55065dc99d", size = 383803 },
    { url = "https://files.pythonhosted.org/packages/59/65/afc6e62bb506a319ea67b694551dab4a7e6fb7bf604e9bd9f3e11d575fec/yarl-1.22.0-cp312-cp312-musllinux_1_2_x86_64.whl", hash = "sha256:a49370e8f711daec68d09b821a34e1167792ee2d24d405cbc2387be4f158b520", size = 374220 },
    { url = "https://files.pythonhosted.org/packages/e7/3d/68bf18d50dc674b942daec86a9ba922d3113d8399b0e52b9897530442da2/yarl-1.22.0-cp312-cp312-win32.whl", hash = "sha256:70dfd4f241c04bd9239d53b17f11e6ab672b9f1420364af63e8531198e3f5fe8", size = 81589 },
    { url = "https://files.pythonhosted.org/packages/c8/9a/6ad1a9b37c2f72874f93e691b2e7ecb6137fb2b899983125db4204e47575/yarl-1.22.0-cp312-cp312-win_amd64.whl", hash = "sha256:8884d8b332a5e9b88e23f60bb166890009429391864c685e17bd73a9eda9105c", size = 87213 },
    { url = "https://files.pythonhosted.org/packages/44/c5/c21b562d1680a77634d748e30c653c3ca918beb35555cff24986fff54598/yarl-1.22.0-cp312-cp312-win_arm64.whl", hash = "sha256:ea70f61a47f3cc93bdf8b2f368ed359ef02a01ca6393916bc8ff877427181e74", size = 81330 },
    { url = "https://files.pythonhosted.org/packages/73/ae/b48f95715333080afb75a4504487cbe142cae1268afc482d06692d605ae6/yarl-1.22.0-py3-none-any.whl", hash = "sha256:1380560bdba02b6b6c90de54133c81c9f2a453dee9912fe58c1dcced1edb7cff", size = 46814 },
]
